
Microsoft Visual Studio Solution File, Format Version 12.00
# Visual Studio Version 17
VisualStudioVersion = 17.14.36414.22 d17.14
MinimumVisualStudioVersion = 10.0.40219.1
Project("{FAE04EC0-301F-11D3-BF4B-00C04F79EFBC}") = "UnitConversionWebApplication", "UnitConversionWebApplication.csproj", "{8126B4EB-599F-429C-B94F-0E8609C23BED}"
EndProject
Global
	GlobalSection(SolutionConfigurationPlatforms) = preSolution
		Debug|Any CPU = Debug|Any CPU
		Release|Any CPU = Release|Any CPU
	EndGlobalSection
	GlobalSection(ProjectConfigurationPlatforms) = postSolution
		{8126B4EB-599F-429C-B94F-0E8609C23BED}.Debug|Any CPU.ActiveCfg = Debug|Any CPU
		{8126B4EB-599F-429C-B94F-0E8609C23BED}.Debug|Any CPU.Build.0 = Debug|Any CPU
		{8126B4EB-599F-429C-B94F-0E8609C23BED}.Release|Any CPU.ActiveCfg = Release|Any CPU
		{8126B4EB-599F-429C-B94F-0E8609C23BED}.Release|Any CPU.Build.0 = Release|Any CPU
	EndGlobalSection
	GlobalSection(SolutionProperties) = preSolution
		HideSolutionNode = FALSE
	EndGlobalSection
	GlobalSection(ExtensibilityGlobals) = postSolution
		SolutionGuid = {40555A79-589C-451F-9A68-4BC988663C10}
	EndGlobalSection
EndGlobal
